
Microsoft Visual Studio Solution File, Format Version 12.00
# Visual Studio Version 17
VisualStudioVersion = 17.10.35013.160
MinimumVisualStudioVersion = 10.0.40219.1
Project("{2150E333-8FDC-42A3-9474-1A3956D46DE8}") = "Application", "Application", "{951B14AF-BEBF-4F18-8699-F8A2E4ECDC17}"
EndProject
Project("{2150E333-8FDC-42A3-9474-1A3956D46DE8}") = "Domain", "Domain", "{4750F417-6162-4A5A-B6B9-6E8AB987FFAB}"
EndProject
Project("{2150E333-8FDC-42A3-9474-1A3956D46DE8}") = "Contracts", "Contracts", "{8D28AE28-989F-44B0-8EA5-9D61238E901C}"
EndProject
Project("{2150E333-8FDC-42A3-9474-1A3956D46DE8}") = "Hosts", "Hosts", "{96FB5D2F-9D3F-4F1C-BCFA-5983D1613CAE}"
EndProject
Project("{2150E333-8FDC-42A3-9474-1A3956D46DE8}") = "Infrastructure", "Infrastructure", "{AB066F18-D35F-4A57-ABAD-1947CDF36FC3}"
EndProject
Project("{9A19103F-16F7-4668-BE54-9A1E7A4F7556}") = "Congratulator.AppServices", "Application\Congratulator.AppServices\Congratulator.AppServices.csproj", "{470E2BAC-318B-45AD-B790-3FF52A82A3C9}"
EndProject
Project("{9A19103F-16F7-4668-BE54-9A1E7A4F7556}") = "Congratulator.Contracts", "Contracts\Congratulator.Contracts\Congratulator.Contracts.csproj", "{40C3CC2F-87F5-434C-A8C1-C7C3379519A3}"
EndProject
Project("{9A19103F-16F7-4668-BE54-9A1E7A4F7556}") = "Congratulator.Domain", "Domain\Congratulator.Domain\Congratulator.Domain.csproj", "{F55400EE-C74F-41B1-84FC-252A5F123F59}"
EndProject
Project("{9A19103F-16F7-4668-BE54-9A1E7A4F7556}") = "Congratulator.API", "Hosts\Congratulator.API\Congratulator.API.csproj", "{AD84A609-38F1-462A-8BA2-2B5539BF92F1}"
EndProject
Project("{9A19103F-16F7-4668-BE54-9A1E7A4F7556}") = "Congratulator.DbMigrator", "Hosts\Congratulator.DbMigrator\Congratulator.DbMigrator.csproj", "{036BD2A2-EE96-400F-8A56-BFCE5978CA0B}"
EndProject
Project("{9A19103F-16F7-4668-BE54-9A1E7A4F7556}") = "Congratulator.DataAccess", "Infrastructure\Congratulator.DataAccess\Congratulator.DataAccess.csproj", "{D82339C5-F5F6-454B-9F98-921BBEC16CE2}"
EndProject
Project("{9A19103F-16F7-4668-BE54-9A1E7A4F7556}") = "Congratulator.Infrastructure", "Infrastructure\Congratulator.Infrastructure\Congratulator.Infrastructure.csproj", "{0B391813-0809-4B35-8708-40510AE334BA}"
EndProject
Project("{FAE04EC0-301F-11D3-BF4B-00C04F79EFBC}") = "Congratulator.ComponentRegistrar", "Infrastructure\Congratulator.ComponentRegistrar\Congratulator.ComponentRegistrar.csproj", "{8C2B837F-9E89-49DB-9019-9BB4E6B8E018}"
EndProject
Global
	GlobalSection(SolutionConfigurationPlatforms) = preSolution
		Debug|Any CPU = Debug|Any CPU
		Release|Any CPU = Release|Any CPU
	EndGlobalSection
	GlobalSection(ProjectConfigurationPlatforms) = postSolution
		{470E2BAC-318B-45AD-B790-3FF52A82A3C9}.Debug|Any CPU.ActiveCfg = Debug|Any CPU
		{470E2BAC-318B-45AD-B790-3FF52A82A3C9}.Debug|Any CPU.Build.0 = Debug|Any CPU
		{470E2BAC-318B-45AD-B790-3FF52A82A3C9}.Release|Any CPU.ActiveCfg = Release|Any CPU
		{470E2BAC-318B-45AD-B790-3FF52A82A3C9}.Release|Any CPU.Build.0 = Release|Any CPU
		{40C3CC2F-87F5-434C-A8C1-C7C3379519A3}.Debug|Any CPU.ActiveCfg = Debug|Any CPU
		{40C3CC2F-87F5-434C-A8C1-C7C3379519A3}.Debug|Any CPU.Build.0 = Debug|Any CPU
		{40C3CC2F-87F5-434C-A8C1-C7C3379519A3}.Release|Any CPU.ActiveCfg = Release|Any CPU
		{40C3CC2F-87F5-434C-A8C1-C7C3379519A3}.Release|Any CPU.Build.0 = Release|Any CPU
		{F55400EE-C74F-41B1-84FC-252A5F123F59}.Debug|Any CPU.ActiveCfg = Debug|Any CPU
		{F55400EE-C74F-41B1-84FC-252A5F123F59}.Debug|Any CPU.Build.0 = Debug|Any CPU
		{F55400EE-C74F-41B1-84FC-252A5F123F59}.Release|Any CPU.ActiveCfg = Release|Any CPU
		{F55400EE-C74F-41B1-84FC-252A5F123F59}.Release|Any CPU.Build.0 = Release|Any CPU
		{AD84A609-38F1-462A-8BA2-2B5539BF92F1}.Debug|Any CPU.ActiveCfg = Debug|Any CPU
		{AD84A609-38F1-462A-8BA2-2B5539BF92F1}.Debug|Any CPU.Build.0 = Debug|Any CPU
		{AD84A609-38F1-462A-8BA2-2B5539BF92F1}.Release|Any CPU.ActiveCfg = Release|Any CPU
		{AD84A609-38F1-462A-8BA2-2B5539BF92F1}.Release|Any CPU.Build.0 = Release|Any CPU
		{036BD2A2-EE96-400F-8A56-BFCE5978CA0B}.Debug|Any CPU.ActiveCfg = Debug|Any CPU
		{036BD2A2-EE96-400F-8A56-BFCE5978CA0B}.Debug|Any CPU.Build.0 = Debug|Any CPU
		{036BD2A2-EE96-400F-8A56-BFCE5978CA0B}.Release|Any CPU.ActiveCfg = Release|Any CPU
		{036BD2A2-EE96-400F-8A56-BFCE5978CA0B}.Release|Any CPU.Build.0 = Release|Any CPU
		{D82339C5-F5F6-454B-9F98-921BBEC16CE2}.Debug|Any CPU.ActiveCfg = Debug|Any CPU
		{D82339C5-F5F6-454B-9F98-921BBEC16CE2}.Debug|Any CPU.Build.0 = Debug|Any CPU
		{D82339C5-F5F6-454B-9F98-921BBEC16CE2}.Release|Any CPU.ActiveCfg = Release|Any CPU
		{D82339C5-F5F6-454B-9F98-921BBEC16CE2}.Release|Any CPU.Build.0 = Release|Any CPU
		{0B391813-0809-4B35-8708-40510AE334BA}.Debug|Any CPU.ActiveCfg = Debug|Any CPU
		{0B391813-0809-4B35-8708-40510AE334BA}.Debug|Any CPU.Build.0 = Debug|Any CPU
		{0B391813-0809-4B35-8708-40510AE334BA}.Release|Any CPU.ActiveCfg = Release|Any CPU
		{0B391813-0809-4B35-8708-40510AE334BA}.Release|Any CPU.Build.0 = Release|Any CPU
		{8C2B837F-9E89-49DB-9019-9BB4E6B8E018}.Debug|Any CPU.ActiveCfg = Debug|Any CPU
		{8C2B837F-9E89-49DB-9019-9BB4E6B8E018}.Debug|Any CPU.Build.0 = Debug|Any CPU
		{8C2B837F-9E89-49DB-9019-9BB4E6B8E018}.Release|Any CPU.ActiveCfg = Release|Any CPU
		{8C2B837F-9E89-49DB-9019-9BB4E6B8E018}.Release|Any CPU.Build.0 = Release|Any CPU
	EndGlobalSection
	GlobalSection(SolutionProperties) = preSolution
		HideSolutionNode = FALSE
	EndGlobalSection
	GlobalSection(NestedProjects) = preSolution
		{470E2BAC-318B-45AD-B790-3FF52A82A3C9} = {951B14AF-BEBF-4F18-8699-F8A2E4ECDC17}
		{40C3CC2F-87F5-434C-A8C1-C7C3379519A3} = {8D28AE28-989F-44B0-8EA5-9D61238E901C}
		{F55400EE-C74F-41B1-84FC-252A5F123F59} = {4750F417-6162-4A5A-B6B9-6E8AB987FFAB}
		{AD84A609-38F1-462A-8BA2-2B5539BF92F1} = {96FB5D2F-9D3F-4F1C-BCFA-5983D1613CAE}
		{036BD2A2-EE96-400F-8A56-BFCE5978CA0B} = {96FB5D2F-9D3F-4F1C-BCFA-5983D1613CAE}
		{D82339C5-F5F6-454B-9F98-921BBEC16CE2} = {AB066F18-D35F-4A57-ABAD-1947CDF36FC3}
		{0B391813-0809-4B35-8708-40510AE334BA} = {AB066F18-D35F-4A57-ABAD-1947CDF36FC3}
		{8C2B837F-9E89-49DB-9019-9BB4E6B8E018} = {AB066F18-D35F-4A57-ABAD-1947CDF36FC3}
	EndGlobalSection
	GlobalSection(ExtensibilityGlobals) = postSolution
		SolutionGuid = {DC6A5B86-DB70-4AFF-A245-1BA1F7364405}
	EndGlobalSection
EndGlobal
